// !$*UTF8*$!
{
	archiveVersion = 1;
	classes = {
	};
	objectVersion = 50;
	objects = {

/* Begin PBXBuildFile section */
		FE096543245A1E3800370000 /* AppDelegate.swift in Sources */ = {isa = PBXBuildFile; fileRef = FE096542245A1E3800370000 /* AppDelegate.swift */; };
		FE096545245A1E3800370000 /* SceneDelegate.swift in Sources */ = {isa = PBXBuildFile; fileRef = FE096544245A1E3800370000 /* SceneDelegate.swift */; };
		FE096547245A1E3800370000 /* ViewController.swift in Sources */ = {isa = PBXBuildFile; fileRef = FE096546245A1E3800370000 /* ViewController.swift */; };
		FE09654A245A1E3800370000 /* Main.storyboard in Resources */ = {isa = PBXBuildFile; fileRef = FE096548245A1E3800370000 /* Main.storyboard */; };
		FE09654C245A1E3A00370000 /* Assets.xcassets in Resources */ = {isa = PBXBuildFile; fileRef = FE09654B245A1E3A00370000 /* Assets.xcassets */; };
		FE09654F245A1E3A00370000 /* LaunchScreen.storyboard in Resources */ = {isa = PBXBuildFile; fileRef = FE09654D245A1E3A00370000 /* LaunchScreen.storyboard */; };
		FECA1241245C1EEC0094A1A0 /* DetailViewController.swift in Sources */ = {isa = PBXBuildFile; fileRef = FECA1240245C1EEC0094A1A0 /* DetailViewController.swift */; };
		FECA1244245C1F4F0094A1A0 /* AcademiesViewController.swift in Sources */ = {isa = PBXBuildFile; fileRef = FECA1243245C1F4F0094A1A0 /* AcademiesViewController.swift */; };
		FECA1246245C1F6A0094A1A0 /* ChallengesViewController.swift in Sources */ = {isa = PBXBuildFile; fileRef = FECA1245245C1F6A0094A1A0 /* ChallengesViewController.swift */; };
		FECA1248245C1F840094A1A0 /* ProfileViewController.swift in Sources */ = {isa = PBXBuildFile; fileRef = FECA1247245C1F840094A1A0 /* ProfileViewController.swift */; };
		FEEBA1D024DA649700D7DFF2 /* .travis.yml in Resources */ = {isa = PBXBuildFile; fileRef = FEEBA1CF24DA649700D7DFF2 /* .travis.yml */; };
/* End PBXBuildFile section */

/* Begin PBXFileReference section */
		FE09653F245A1E3800370000 /* DicodingApps.app */ = {isa = PBXFileReference; explicitFileType = wrapper.application; includeInIndex = 0; path = DicodingApps.app; sourceTree = BUILT_PRODUCTS_DIR; };
		FE096542245A1E3800370000 /* AppDelegate.swift */ = {isa = PBXFileReference; lastKnownFileType = sourcecode.swift; path = AppDelegate.swift; sourceTree = "<group>"; };
		FE096544245A1E3800370000 /* SceneDelegate.swift */ = {isa = PBXFileReference; lastKnownFileType = sourcecode.swift; path = SceneDelegate.swift; sourceTree = "<group>"; };
		FE096546245A1E3800370000 /* ViewController.swift */ = {isa = PBXFileReference; lastKnownFileType = sourcecode.swift; path = ViewController.swift; sourceTree = "<group>"; };
		FE096549245A1E3800370000 /* Base */ = {isa = PBXFileReference; lastKnownFileType = file.storyboard; name = Base; path = Base.lproj/Main.storyboard; sourceTree = "<group>"; };
		FE09654B245A1E3A00370000 /* Assets.xcassets */ = {isa = PBXFileReference; lastKnownFileType = folder.assetcatalog; path = Assets.xcassets; sourceTree = "<group>"; };
		FE09654E245A1E3A00370000 /* Base */ = {isa = PBXFileReference; lastKnownFileType = file.storyboard; name = Base; path = Base.lproj/LaunchScreen.storyboard; sourceTree = "<group>"; };
		FE096550245A1E3A00370000 /* Info.plist */ = {isa = PBXFileReference; lastKnownFileType = text.plist.xml; path = Info.plist; sourceTree = "<group>"; };
		FECA1240245C1EEC0094A1A0 /* DetailViewController.swift */ = {isa = PBXFileReference; lastKnownFileType = sourcecode.swift; path = DetailViewController.swift; sourceTree = "<group>"; };
		FECA1243245C1F4F0094A1A0 /* AcademiesViewController.swift */ = {isa = PBXFileReference; lastKnownFileType = sourcecode.swift; path = AcademiesViewController.swift; sourceTree = "<group>"; };
		FECA1245245C1F6A0094A1A0 /* ChallengesViewController.swift */ = {isa = PBXFileReference; lastKnownFileType = sourcecode.swift; path = ChallengesViewController.swift; sourceTree = "<group>"; };
		FECA1247245C1F840094A1A0 /* ProfileViewController.swift */ = {isa = PBXFileReference; lastKnownFileType = sourcecode.swift; path = ProfileViewController.swift; sourceTree = "<group>"; };
		FEEBA1CF24DA649700D7DFF2 /* .travis.yml */ = {isa = PBXFileReference; lastKnownFileType = text.yaml; path = .travis.yml; sourceTree = "<group>"; };
/* End PBXFileReference section */

/* Begin PBXFrameworksBuildPhase section */
		FE09653C245A1E3800370000 /* Frameworks */ = {
			isa = PBXFrameworksBuildPhase;
			buildActionMask = 2147483647;
			files = (
			);
			runOnlyForDeploymentPostprocessing = 0;
		};
/* End PBXFrameworksBuildPhase section */

/* Begin PBXGroup section */
		FE096536245A1E3800370000 = {
			isa = PBXGroup;
			children = (
				FEEBA1CF24DA649700D7DFF2 /* .travis.yml */,
				FE096541245A1E3800370000 /* DicodingApps */,
				FE096540245A1E3800370000 /* Products */,
			);
			sourceTree = "<group>";
		};
		FE096540245A1E3800370000 /* Products */ = {
			isa = PBXGroup;
			children = (
				FE09653F245A1E3800370000 /* DicodingApps.app */,
			);
			name = Products;
			sourceTree = "<group>";
		};
		FE096541245A1E3800370000 /* DicodingApps */ = {
			isa = PBXGroup;
			children = (
				FECA1242245C1F270094A1A0 /* Controller */,
				FE096542245A1E3800370000 /* AppDelegate.swift */,
				FE096544245A1E3800370000 /* SceneDelegate.swift */,
				FE096548245A1E3800370000 /* Main.storyboard */,
				FE09654B245A1E3A00370000 /* Assets.xcassets */,
				FE09654D245A1E3A00370000 /* LaunchScreen.storyboard */,
				FE096550245A1E3A00370000 /* Info.plist */,
			);
			path = DicodingApps;
			sourceTree = "<group>";
		};
		FECA1242245C1F270094A1A0 /* Controller */ = {
			isa = PBXGroup;
			children = (
				FECA1243245C1F4F0094A1A0 /* AcademiesViewController.swift */,
				FECA1245245C1F6A0094A1A0 /* ChallengesViewController.swift */,
				FECA1240245C1EEC0094A1A0 /* DetailViewController.swift */,
				FECA1247245C1F840094A1A0 /* ProfileViewController.swift */,
				FE096546245A1E3800370000 /* ViewController.swift */,
			);
			path = Controller;
			sourceTree = "<group>";
		};
/* End PBXGroup section */

/* Begin PBXNativeTarget section */
		FE09653E245A1E3800370000 /* DicodingApps */ = {
			isa = PBXNativeTarget;
			buildConfigurationList = FE096553245A1E3A00370000 /* Build configuration list for PBXNativeTarget "DicodingApps" */;
			buildPhases = (
				FE09653B245A1E3800370000 /* Sources */,
				FE09653C245A1E3800370000 /* Frameworks */,
				FE09653D245A1E3800370000 /* Resources */,
			);
			buildRules = (
			);
			dependencies = (
			);
			name = DicodingApps;
			productName = DicodingApps;
			productReference = FE09653F245A1E3800370000 /* DicodingApps.app */;
			productType = "com.apple.product-type.application";
		};
/* End PBXNativeTarget section */

/* Begin PBXProject section */
		FE096537245A1E3800370000 /* Project object */ = {
			isa = PBXProject;
			attributes = {
				LastSwiftUpdateCheck = 1140;
				LastUpgradeCheck = 1140;
				ORGANIZATIONNAME = "Dicoding Indonesia";
				TargetAttributes = {
					FE09653E245A1E3800370000 = {
						CreatedOnToolsVersion = 11.4;
					};
				};
			};
			buildConfigurationList = FE09653A245A1E3800370000 /* Build configuration list for PBXProject "DicodingApps" */;
			compatibilityVersion = "Xcode 9.3";
			developmentRegion = en;
			hasScannedForEncodings = 0;
			knownRegions = (
				en,
				Base,
			);
			mainGroup = FE096536245A1E3800370000;
			productRefGroup = FE096540245A1E3800370000 /* Products */;
			projectDirPath = "";
			projectRoot = "";
			targets = (
				FE09653E245A1E3800370000 /* DicodingApps */,
			);
		};
/* End PBXProject section */

/* Begin PBXResourcesBuildPhase section */
		FE09653D245A1E3800370000 /* Resources */ = {
			isa = PBXResourcesBuildPhase;
			buildActionMask = 2147483647;
			files = (
				FE09654F245A1E3A00370000 /* LaunchScreen.storyboard in Resources */,
				FE09654C245A1E3A00370000 /* Assets.xcassets in Resources */,
				FEEBA1D024DA649700D7DFF2 /* .travis.yml in Resources */,
				FE09654A245A1E3800370000 /* Main.storyboard in Resources */,
			);
			runOnlyForDeploymentPostprocessing = 0;
		};
/* End PBXResourcesBuildPhase section */

/* Begin PBXSourcesBuildPhase section */
		FE09653B245A1E3800370000 /* Sources */ = {
			isa = PBXSourcesBuildPhase;
			buildActionMask = 2147483647;
			files = (
				FE096547245A1E3800370000 /* ViewController.swift in Sources */,
				FE096543245A1E3800370000 /* AppDelegate.swift in Sources */,
				FECA1244245C1F4F0094A1A0 /* AcademiesViewController.swift in Sources */,
				FE096545245A1E3800370000 /* SceneDelegate.swift in Sources */,
				FECA1248245C1F840094A1A0 /* ProfileViewController.swift in Sources */,
				FECA1246245C1F6A0094A1A0 /* ChallengesViewController.swift in Sources */,
				FECA1241245C1EEC0094A1A0 /* DetailViewController.swift in Sources */,
			);
			runOnlyForDeploymentPostprocessing = 0;
		};
/* End PBXSourcesBuildPhase section */

/* Begin PBXVariantGroup section */
		FE096548245A1E3800370000 /* Main.storyboard */ = {
			isa = PBXVariantGroup;
			children = (
				FE096549245A1E3800370000 /* Base */,
			);
			name = Main.storyboard;
			sourceTree = "<group>";
		};
		FE09654D245A1E3A00370000 /* LaunchScreen.storyboard */ = {
			isa = PBXVariantGroup;
			children = (
				FE09654E245A1E3A00370000 /* Base */,
			);
			name = LaunchScreen.storyboard;
			sourceTree = "<group>";
		};
/* End PBXVariantGroup section */

/* Begin XCBuildConfiguration section */
		FE096551245A1E3A00370000 /* Debug */ = {
			isa = XCBuildConfiguration;
			buildSettings = {
				ALWAYS_SEARCH_USER_PATHS = NO;
				CLANG_ANALYZER_NONNULL = YES;
				CLANG_ANALYZER_NUMBER_OBJECT_CONVERSION = YES_AGGRESSIVE;
				CLANG_CXX_LANGUAGE_STANDARD = "gnu++14";
				CLANG_CXX_LIBRARY = "libc++";
				CLANG_ENABLE_MODULES = YES;
				CLANG_ENABLE_OBJC_ARC = YES;
				CLANG_ENABLE_OBJC_WEAK = YES;
				CLANG_WARN_BLOCK_CAPTURE_AUTORELEASING = YES;
				CLANG_WARN_BOOL_CONVERSION = YES;
				CLANG_WARN_COMMA = YES;
				CLANG_WARN_CONSTANT_CONVERSION = YES;
				CLANG_WARN_DEPRECATED_OBJC_IMPLEMENTATIONS = YES;
				CLANG_WARN_DIRECT_OBJC_ISA_USAGE = YES_ERROR;
				CLANG_WARN_DOCUMENTATION_COMMENTS = YES;
				CLANG_WARN_EMPTY_BODY = YES;
				CLANG_WARN_ENUM_CONVERSION = YES;
				CLANG_WARN_INFINITE_RECURSION = YES;
				CLANG_WARN_INT_CONVERSION = YES;
				CLANG_WARN_NON_LITERAL_NULL_CONVERSION = YES;
				CLANG_WARN_OBJC_IMPLICIT_RETAIN_SELF = YES;
				CLANG_WARN_OBJC_LITERAL_CONVERSION = YES;
				CLANG_WARN_OBJC_ROOT_CLASS = YES_ERROR;
				CLANG_WARN_RANGE_LOOP_ANALYSIS = YES;
				CLANG_WARN_STRICT_PROTOTYPES = YES;
				CLANG_WARN_SUSPICIOUS_MOVE = YES;
				CLANG_WARN_UNGUARDED_AVAILABILITY = YES_AGGRESSIVE;
				CLANG_WARN_UNREACHABLE_CODE = YES;
				CLANG_WARN__DUPLICATE_METHOD_MATCH = YES;
				COPY_PHASE_STRIP = NO;
				DEBUG_INFORMATION_FORMAT = dwarf;
				ENABLE_STRICT_OBJC_MSGSEND = YES;
				ENABLE_TESTABILITY = YES;
				GCC_C_LANGUAGE_STANDARD = gnu11;
				GCC_DYNAMIC_NO_PIC = NO;
				GCC_NO_COMMON_BLOCKS = YES;
				GCC_OPTIMIZATION_LEVEL = 0;
				GCC_PREPROCESSOR_DEFINITIONS = (
					"DEBUG=1",
					"$(inherited)",
				);
				GCC_WARN_64_TO_32_BIT_CONVERSION = YES;
				GCC_WARN_ABOUT_RETURN_TYPE = YES_ERROR;
				GCC_WARN_UNDECLARED_SELECTOR = YES;
				GCC_WARN_UNINITIALIZED_AUTOS = YES_AGGRESSIVE;
				GCC_WARN_UNUSED_FUNCTION = YES;
				GCC_WARN_UNUSED_VARIABLE = YES;
				IPHONEOS_DEPLOYMENT_TARGET = 13.4;
				MTL_ENABLE_DEBUG_INFO = INCLUDE_SOURCE;
				MTL_FAST_MATH = YES;
				ONLY_ACTIVE_ARCH = YES;
				SDKROOT = iphoneos;
				SWIFT_ACTIVE_COMPILATION_CONDITIONS = DEBUG;
				SWIFT_OPTIMIZATION_LEVEL = "-Onone";
			};
			name = Debug;
		};
		FE096552245A1E3A00370000 /* Release */ = {
			isa = XCBuildConfiguration;
			buildSettings = {
				ALWAYS_SEARCH_USER_PATHS = NO;
				CLANG_ANALYZER_NONNULL = YES;
				CLANG_ANALYZER_NUMBER_OBJECT_CONVERSION = YES_AGGRESSIVE;
				CLANG_CXX_LANGUAGE_STANDARD = "gnu++14";
				CLANG_CXX_LIBRARY = "libc++";
				CLANG_ENABLE_MODULES = YES;
				CLANG_ENABLE_OBJC_ARC = YES;
				CLANG_ENABLE_OBJC_WEAK = YES;
				CLANG_WARN_BLOCK_CAPTURE_AUTORELEASING = YES;
				CLANG_WARN_BOOL_CONVERSION = YES;
				CLANG_WARN_COMMA = YES;
				CLANG_WARN_CONSTANT_CONVERSION = YES;
				CLANG_WARN_DEPRECATED_OBJC_IMPLEMENTATIONS = YES;
				CLANG_WARN_DIRECT_OBJC_ISA_USAGE = YES_ERROR;
				CLANG_WARN_DOCUMENTATION_COMMENTS = YES;
				CLANG_WARN_EMPTY_BODY = YES;
				CLANG_WARN_ENUM_CONVERSION = YES;
				CLANG_WARN_INFINITE_RECURSION = YES;
				CLANG_WARN_INT_CONVERSION = YES;
				CLANG_WARN_NON_LITERAL_NULL_CONVERSION = YES;
				CLANG_WARN_OBJC_IMPLICIT_RETAIN_SELF = YES;
				CLANG_WARN_OBJC_LITERAL_CONVERSION = YES;
				CLANG_WARN_OBJC_ROOT_CLASS = YES_ERROR;
				CLANG_WARN_RANGE_LOOP_ANALYSIS = YES;
				CLANG_WARN_STRICT_PROTOTYPES = YES;
				CLANG_WARN_SUSPICIOUS_MOVE = YES;
				CLANG_WARN_UNGUARDED_AVAILABILITY = YES_AGGRESSIVE;
				CLANG_WARN_UNREACHABLE_CODE = YES;
				CLANG_WARN__DUPLICATE_METHOD_MATCH = YES;
				COPY_PHASE_STRIP = NO;
				DEBUG_INFORMATION_FORMAT = "dwarf-with-dsym";
				ENABLE_NS_ASSERTIONS = NO;
				ENABLE_STRICT_OBJC_MSGSEND = YES;
				GCC_C_LANGUAGE_STANDARD = gnu11;
				GCC_NO_COMMON_BLOCKS = YES;
				GCC_WARN_64_TO_32_BIT_CONVERSION = YES;
				GCC_WARN_ABOUT_RETURN_TYPE = YES_ERROR;
				GCC_WARN_UNDECLARED_SELECTOR = YES;
				GCC_WARN_UNINITIALIZED_AUTOS = YES_AGGRESSIVE;
				GCC_WARN_UNUSED_FUNCTION = YES;
				GCC_WARN_UNUSED_VARIABLE = YES;
				IPHONEOS_DEPLOYMENT_TARGET = 13.4;
				MTL_ENABLE_DEBUG_INFO = NO;
				MTL_FAST_MATH = YES;
				SDKROOT = iphoneos;
				SWIFT_COMPILATION_MODE = wholemodule;
				SWIFT_OPTIMIZATION_LEVEL = "-O";
				VALIDATE_PRODUCT = YES;
			};
			name = Release;
		};
		FE096554245A1E3A00370000 /* Debug */ = {
			isa = XCBuildConfiguration;
			buildSettings = {
				ASSETCATALOG_COMPILER_APPICON_NAME = AppIcon;
				CODE_SIGN_STYLE = Automatic;
				DEVELOPMENT_TEAM = WC8RT3HG8Z;
				INFOPLIST_FILE = DicodingApps/Info.plist;
				LD_RUNPATH_SEARCH_PATHS = (
					"$(inherited)",
					"@executable_path/Frameworks",
				);
				PRODUCT_BUNDLE_IDENTIFIER = com.was.project.DicodingApps;
				PRODUCT_NAME = DicodingApps;
				SWIFT_VERSION = 5.0;
				TARGETED_DEVICE_FAMILY = 1;
			};
			name = Debug;
		};
		FE096555245A1E3A00370000 /* Release */ = {
			isa = XCBuildConfiguration;
			buildSettings = {
				ASSETCATALOG_COMPILER_APPICON_NAME = AppIcon;
				CODE_SIGN_STYLE = Automatic;
				DEVELOPMENT_TEAM = WC8RT3HG8Z;
				INFOPLIST_FILE = DicodingApps/Info.plist;
				LD_RUNPATH_SEARCH_PATHS = (
					"$(inherited)",
					"@executable_path/Frameworks",
				);
				PRODUCT_BUNDLE_IDENTIFIER = com.was.project.DicodingApps;
				PRODUCT_NAME = DicodingApps;
				SWIFT_VERSION = 5.0;
				TARGETED_DEVICE_FAMILY = 1;
			};
			name = Release;
		};
/* End XCBuildConfiguration section */

/* Begin XCConfigurationList section */
		FE09653A245A1E3800370000 /* Build configuration list for PBXProject "DicodingApps" */ = {
			isa = XCConfigurationList;
			buildConfigurations = (
				FE096551245A1E3A00370000 /* Debug */,
				FE096552245A1E3A00370000 /* Release */,
			);
			defaultConfigurationIsVisible = 0;
			defaultConfigurationName = Release;
		};
		FE096553245A1E3A00370000 /* Build configuration list for PBXNativeTarget "DicodingApps" */ = {
			isa = XCConfigurationList;
			buildConfigurations = (
				FE096554245A1E3A00370000 /* Debug */,
				FE096555245A1E3A00370000 /* Release */,
			);
			defaultConfigurationIsVisible = 0;
			defaultConfigurationName = Release;
		};
/* End XCConfigurationList section */
	};
	rootObject = FE096537245A1E3800370000 /* Project object */;
}
